
Microsoft Visual Studio Solution File, Format Version 12.00
Project("{FAE04EC0-301F-11D3-BF4B-00C04F79EFBC}") = "TanksInWar", "TanksInWar\TanksInWar.csproj", "{EEF03FFE-9DD6-4737-9452-B9F4A8FD31BB}"
EndProject
Global
	GlobalSection(SolutionConfigurationPlatforms) = preSolution
		Debug|Any CPU = Debug|Any CPU
		Release|Any CPU = Release|Any CPU
	EndGlobalSection
	GlobalSection(ProjectConfigurationPlatforms) = postSolution
		{EEF03FFE-9DD6-4737-9452-B9F4A8FD31BB}.Debug|Any CPU.ActiveCfg = Debug|Any CPU
		{EEF03FFE-9DD6-4737-9452-B9F4A8FD31BB}.Debug|Any CPU.Build.0 = Debug|Any CPU
		{EEF03FFE-9DD6-4737-9452-B9F4A8FD31BB}.Release|Any CPU.ActiveCfg = Release|Any CPU
		{EEF03FFE-9DD6-4737-9452-B9F4A8FD31BB}.Release|Any CPU.Build.0 = Release|Any CPU
	EndGlobalSection
EndGlobal
